
Microsoft Visual Studio Solution File, Format Version 12.00
# Visual Studio 15
VisualStudioVersion = 15.0.28307.168
MinimumVisualStudioVersion = 10.0.40219.1
Project("{FAE04EC0-301F-11D3-BF4B-00C04F79EFBC}") = "Antikvariatägarens dotter", "Antikvariatägarens dotter\Antikvariatägarens dotter.csproj", "{CD899364-96AC-407A-A789-6554EE168E6A}"
EndProject
Global
	GlobalSection(SolutionConfigurationPlatforms) = preSolution
		Debug|Any CPU = Debug|Any CPU
		Release|Any CPU = Release|Any CPU
	EndGlobalSection
	GlobalSection(ProjectConfigurationPlatforms) = postSolution
		{CD899364-96AC-407A-A789-6554EE168E6A}.Debug|Any CPU.ActiveCfg = Debug|Any CPU
		{CD899364-96AC-407A-A789-6554EE168E6A}.Debug|Any CPU.Build.0 = Debug|Any CPU
		{CD899364-96AC-407A-A789-6554EE168E6A}.Release|Any CPU.ActiveCfg = Release|Any CPU
		{CD899364-96AC-407A-A789-6554EE168E6A}.Release|Any CPU.Build.0 = Release|Any CPU
	EndGlobalSection
	GlobalSection(SolutionProperties) = preSolution
		HideSolutionNode = FALSE
	EndGlobalSection
	GlobalSection(ExtensibilityGlobals) = postSolution
		SolutionGuid = {88A7FD5D-5DAC-41ED-8119-01952F38DF6C}
	EndGlobalSection
EndGlobal
